
Microsoft Visual Studio Solution File, Format Version 12.00
# Visual Studio 14
VisualStudioVersion = 14.0.24720.0
MinimumVisualStudioVersion = 10.0.40219.1
Project("{FAE04EC0-301F-11D3-BF4B-00C04F79EFBC}") = "OXgame", "OXgame\OXgame.csproj", "{1B121A70-282F-4C03-B008-754D27473266}"
EndProject
Project("{FAE04EC0-301F-11D3-BF4B-00C04F79EFBC}") = "StockSpan", "StockSpan\StockSpan.csproj", "{15CDC3A5-E1B2-419B-B209-DE3B3B8DECFB}"
EndProject
Project("{FAE04EC0-301F-11D3-BF4B-00C04F79EFBC}") = "StockSpanStack", "StockSpanStack\StockSpanStack.csproj", "{8B0306CF-ED0C-4942-89FB-CAE0BCE7C5A8}"
EndProject
Project("{FAE04EC0-301F-11D3-BF4B-00C04F79EFBC}") = "MaximumSum", "MaximumSum\MaximumSum.csproj", "{3659B330-C653-4424-8CA5-ABFC01F6A6A0}"
EndProject
Project("{FAE04EC0-301F-11D3-BF4B-00C04F79EFBC}") = "Cards", "Cards\Cards.csproj", "{A58ED7B3-7FB5-4B0C-AE33-BF761188E35D}"
EndProject
Project("{FAE04EC0-301F-11D3-BF4B-00C04F79EFBC}") = "JollyJumper", "JollyJumper\JollyJumper.csproj", "{A5FCE4E7-12D2-4B02-B3E9-AF8EFB23826E}"
EndProject
Project("{FAE04EC0-301F-11D3-BF4B-00C04F79EFBC}") = "BugFeature", "BugFeature\BugFeature.csproj", "{98CC0E16-3DA0-4597-9B8B-FE0DBAABF91E}"
EndProject
Project("{FAE04EC0-301F-11D3-BF4B-00C04F79EFBC}") = "BugFeatureTree", "BugFeatureTree\BugFeatureTree.csproj", "{38FA36D2-45C8-4E74-A01D-7A1714CB9127}"
EndProject
Project("{FAE04EC0-301F-11D3-BF4B-00C04F79EFBC}") = "PrefixAverage", "PrefixAverage\PrefixAverage.csproj", "{3343AE8D-6808-474B-94F9-DEBE3A56D2CA}"
EndProject
Project("{FAE04EC0-301F-11D3-BF4B-00C04F79EFBC}") = "FindBrute", "FindBrute\FindBrute.csproj", "{47D398B4-C2E5-4FBE-97C1-B3FB62809C37}"
EndProject
Project("{FAE04EC0-301F-11D3-BF4B-00C04F79EFBC}") = "MatrixMutiply", "MatrixMutiply\MatrixMutiply.csproj", "{C0A4A2DB-E0D1-4F53-9391-6EAA2349A6B8}"
EndProject
Global
	GlobalSection(SolutionConfigurationPlatforms) = preSolution
		Debug|Any CPU = Debug|Any CPU
		Release|Any CPU = Release|Any CPU
	EndGlobalSection
	GlobalSection(ProjectConfigurationPlatforms) = postSolution
		{1B121A70-282F-4C03-B008-754D27473266}.Debug|Any CPU.ActiveCfg = Debug|Any CPU
		{1B121A70-282F-4C03-B008-754D27473266}.Debug|Any CPU.Build.0 = Debug|Any CPU
		{1B121A70-282F-4C03-B008-754D27473266}.Release|Any CPU.ActiveCfg = Release|Any CPU
		{1B121A70-282F-4C03-B008-754D27473266}.Release|Any CPU.Build.0 = Release|Any CPU
		{15CDC3A5-E1B2-419B-B209-DE3B3B8DECFB}.Debug|Any CPU.ActiveCfg = Debug|Any CPU
		{15CDC3A5-E1B2-419B-B209-DE3B3B8DECFB}.Debug|Any CPU.Build.0 = Debug|Any CPU
		{15CDC3A5-E1B2-419B-B209-DE3B3B8DECFB}.Release|Any CPU.ActiveCfg = Release|Any CPU
		{15CDC3A5-E1B2-419B-B209-DE3B3B8DECFB}.Release|Any CPU.Build.0 = Release|Any CPU
		{8B0306CF-ED0C-4942-89FB-CAE0BCE7C5A8}.Debug|Any CPU.ActiveCfg = Debug|Any CPU
		{8B0306CF-ED0C-4942-89FB-CAE0BCE7C5A8}.Debug|Any CPU.Build.0 = Debug|Any CPU
		{8B0306CF-ED0C-4942-89FB-CAE0BCE7C5A8}.Release|Any CPU.ActiveCfg = Release|Any CPU
		{8B0306CF-ED0C-4942-89FB-CAE0BCE7C5A8}.Release|Any CPU.Build.0 = Release|Any CPU
		{3659B330-C653-4424-8CA5-ABFC01F6A6A0}.Debug|Any CPU.ActiveCfg = Debug|Any CPU
		{3659B330-C653-4424-8CA5-ABFC01F6A6A0}.Debug|Any CPU.Build.0 = Debug|Any CPU
		{3659B330-C653-4424-8CA5-ABFC01F6A6A0}.Release|Any CPU.ActiveCfg = Release|Any CPU
		{3659B330-C653-4424-8CA5-ABFC01F6A6A0}.Release|Any CPU.Build.0 = Release|Any CPU
		{A58ED7B3-7FB5-4B0C-AE33-BF761188E35D}.Debug|Any CPU.ActiveCfg = Debug|Any CPU
		{A58ED7B3-7FB5-4B0C-AE33-BF761188E35D}.Debug|Any CPU.Build.0 = Debug|Any CPU
		{A58ED7B3-7FB5-4B0C-AE33-BF761188E35D}.Release|Any CPU.ActiveCfg = Release|Any CPU
		{A58ED7B3-7FB5-4B0C-AE33-BF761188E35D}.Release|Any CPU.Build.0 = Release|Any CPU
		{A5FCE4E7-12D2-4B02-B3E9-AF8EFB23826E}.Debug|Any CPU.ActiveCfg = Debug|Any CPU
		{A5FCE4E7-12D2-4B02-B3E9-AF8EFB23826E}.Debug|Any CPU.Build.0 = Debug|Any CPU
		{A5FCE4E7-12D2-4B02-B3E9-AF8EFB23826E}.Release|Any CPU.ActiveCfg = Release|Any CPU
		{A5FCE4E7-12D2-4B02-B3E9-AF8EFB23826E}.Release|Any CPU.Build.0 = Release|Any CPU
		{98CC0E16-3DA0-4597-9B8B-FE0DBAABF91E}.Debug|Any CPU.ActiveCfg = Debug|Any CPU
		{98CC0E16-3DA0-4597-9B8B-FE0DBAABF91E}.Debug|Any CPU.Build.0 = Debug|Any CPU
		{98CC0E16-3DA0-4597-9B8B-FE0DBAABF91E}.Release|Any CPU.ActiveCfg = Release|Any CPU
		{98CC0E16-3DA0-4597-9B8B-FE0DBAABF91E}.Release|Any CPU.Build.0 = Release|Any CPU
		{38FA36D2-45C8-4E74-A01D-7A1714CB9127}.Debug|Any CPU.ActiveCfg = Debug|Any CPU
		{38FA36D2-45C8-4E74-A01D-7A1714CB9127}.Debug|Any CPU.Build.0 = Debug|Any CPU
		{38FA36D2-45C8-4E74-A01D-7A1714CB9127}.Release|Any CPU.ActiveCfg = Release|Any CPU
		{38FA36D2-45C8-4E74-A01D-7A1714CB9127}.Release|Any CPU.Build.0 = Release|Any CPU
		{3343AE8D-6808-474B-94F9-DEBE3A56D2CA}.Debug|Any CPU.ActiveCfg = Debug|Any CPU
		{3343AE8D-6808-474B-94F9-DEBE3A56D2CA}.Debug|Any CPU.Build.0 = Debug|Any CPU
		{3343AE8D-6808-474B-94F9-DEBE3A56D2CA}.Release|Any CPU.ActiveCfg = Release|Any CPU
		{3343AE8D-6808-474B-94F9-DEBE3A56D2CA}.Release|Any CPU.Build.0 = Release|Any CPU
		{47D398B4-C2E5-4FBE-97C1-B3FB62809C37}.Debug|Any CPU.ActiveCfg = Debug|Any CPU
		{47D398B4-C2E5-4FBE-97C1-B3FB62809C37}.Debug|Any CPU.Build.0 = Debug|Any CPU
		{47D398B4-C2E5-4FBE-97C1-B3FB62809C37}.Release|Any CPU.ActiveCfg = Release|Any CPU
		{47D398B4-C2E5-4FBE-97C1-B3FB62809C37}.Release|Any CPU.Build.0 = Release|Any CPU
		{C0A4A2DB-E0D1-4F53-9391-6EAA2349A6B8}.Debug|Any CPU.ActiveCfg = Debug|Any CPU
		{C0A4A2DB-E0D1-4F53-9391-6EAA2349A6B8}.Debug|Any CPU.Build.0 = Debug|Any CPU
		{C0A4A2DB-E0D1-4F53-9391-6EAA2349A6B8}.Release|Any CPU.ActiveCfg = Release|Any CPU
		{C0A4A2DB-E0D1-4F53-9391-6EAA2349A6B8}.Release|Any CPU.Build.0 = Release|Any CPU
	EndGlobalSection
	GlobalSection(SolutionProperties) = preSolution
		HideSolutionNode = FALSE
	EndGlobalSection
EndGlobal
